
Microsoft Visual Studio Solution File, Format Version 12.00
# Visual Studio Version 17
VisualStudioVersion = 17.8.34309.116
MinimumVisualStudioVersion = 10.0.40219.1
Project("{FAE04EC0-301F-11D3-BF4B-00C04F79EFBC}") = "GettingStartedSample", "GettingStartedSample.csproj", "{A28FB513-5D78-4372-BF71-FC7717456AD2}"
EndProject
Project("{9A19103F-16F7-4668-BE54-9A1E7A4F7556}") = "Syncfusion.Maui.Gauges", "..\..\digitalgauge\maui-gauges\maui\src\gauges\Syncfusion.Maui.Gauges.csproj", "{315AEAB3-4629-4C9B-A68C-428B1E502412}"
EndProject
Global
	GlobalSection(SolutionConfigurationPlatforms) = preSolution
		Debug|Any CPU = Debug|Any CPU
		Release|Any CPU = Release|Any CPU
		Release-Xml|Any CPU = Release-Xml|Any CPU
	EndGlobalSection
	GlobalSection(ProjectConfigurationPlatforms) = postSolution
		{A28FB513-5D78-4372-BF71-FC7717456AD2}.Debug|Any CPU.ActiveCfg = Debug|Any CPU
		{A28FB513-5D78-4372-BF71-FC7717456AD2}.Debug|Any CPU.Build.0 = Debug|Any CPU
		{A28FB513-5D78-4372-BF71-FC7717456AD2}.Debug|Any CPU.Deploy.0 = Debug|Any CPU
		{A28FB513-5D78-4372-BF71-FC7717456AD2}.Release|Any CPU.ActiveCfg = Release|Any CPU
		{A28FB513-5D78-4372-BF71-FC7717456AD2}.Release|Any CPU.Build.0 = Release|Any CPU
		{A28FB513-5D78-4372-BF71-FC7717456AD2}.Release|Any CPU.Deploy.0 = Release|Any CPU
		{A28FB513-5D78-4372-BF71-FC7717456AD2}.Release-Xml|Any CPU.ActiveCfg = Release|Any CPU
		{A28FB513-5D78-4372-BF71-FC7717456AD2}.Release-Xml|Any CPU.Build.0 = Release|Any CPU
		{A28FB513-5D78-4372-BF71-FC7717456AD2}.Release-Xml|Any CPU.Deploy.0 = Release|Any CPU
		{315AEAB3-4629-4C9B-A68C-428B1E502412}.Debug|Any CPU.ActiveCfg = Debug|Any CPU
		{315AEAB3-4629-4C9B-A68C-428B1E502412}.Debug|Any CPU.Build.0 = Debug|Any CPU
		{315AEAB3-4629-4C9B-A68C-428B1E502412}.Release|Any CPU.ActiveCfg = Release|Any CPU
		{315AEAB3-4629-4C9B-A68C-428B1E502412}.Release|Any CPU.Build.0 = Release|Any CPU
		{315AEAB3-4629-4C9B-A68C-428B1E502412}.Release-Xml|Any CPU.ActiveCfg = Release-Xml|Any CPU
		{315AEAB3-4629-4C9B-A68C-428B1E502412}.Release-Xml|Any CPU.Build.0 = Release-Xml|Any CPU
	EndGlobalSection
	GlobalSection(SolutionProperties) = preSolution
		HideSolutionNode = FALSE
	EndGlobalSection
	GlobalSection(ExtensibilityGlobals) = postSolution
		SolutionGuid = {6338BF9A-5B3A-46A2-B4B6-24D75C75CA40}
	EndGlobalSection
EndGlobal
